
Microsoft Visual Studio Solution File, Format Version 12.00
# Visual Studio Version 16
VisualStudioVersion = 16.0.30804.86
MinimumVisualStudioVersion = 10.0.40219.1
Project("{FAE04EC0-301F-11D3-BF4B-00C04F79EFBC}") = "Accounting Project", "Accounting Project\Accounting Project.csproj", "{6A0E0AC2-A902-4E7D-B671-CEC36814A751}"
EndProject
Global
	GlobalSection(SolutionConfigurationPlatforms) = preSolution
		Debug|Any CPU = Debug|Any CPU
		Release|Any CPU = Release|Any CPU
	EndGlobalSection
	GlobalSection(ProjectConfigurationPlatforms) = postSolution
		{6A0E0AC2-A902-4E7D-B671-CEC36814A751}.Debug|Any CPU.ActiveCfg = Debug|Any CPU
		{6A0E0AC2-A902-4E7D-B671-CEC36814A751}.Debug|Any CPU.Build.0 = Debug|Any CPU
		{6A0E0AC2-A902-4E7D-B671-CEC36814A751}.Release|Any CPU.ActiveCfg = Release|Any CPU
		{6A0E0AC2-A902-4E7D-B671-CEC36814A751}.Release|Any CPU.Build.0 = Release|Any CPU
	EndGlobalSection
	GlobalSection(SolutionProperties) = preSolution
		HideSolutionNode = FALSE
	EndGlobalSection
	GlobalSection(ExtensibilityGlobals) = postSolution
		SolutionGuid = {C7AE5C1B-5383-4701-9F27-B3F5A1D13EDB}
	EndGlobalSection
EndGlobal
